
Microsoft Visual Studio Solution File, Format Version 12.00
# Visual Studio Version 16
VisualStudioVersion = 16.0.29215.179
MinimumVisualStudioVersion = 10.0.40219.1
Project("{FAE04EC0-301F-11D3-BF4B-00C04F79EFBC}") = "Dicto", "Dicto\Dicto.csproj", "{870F74F2-9CF4-4EA6-A3CB-9CC3BFA4FF19}"
EndProject
Project("{FAE04EC0-301F-11D3-BF4B-00C04F79EFBC}") = "Dicto.Tests", "Dicto.Tests\Dicto.Tests.csproj", "{5C8F9BC3-29D7-4598-9C76-2A7D9B52B40E}"
EndProject
Global
	GlobalSection(SolutionConfigurationPlatforms) = preSolution
		Debug|Any CPU = Debug|Any CPU
		Release|Any CPU = Release|Any CPU
	EndGlobalSection
	GlobalSection(ProjectConfigurationPlatforms) = postSolution
		{870F74F2-9CF4-4EA6-A3CB-9CC3BFA4FF19}.Debug|Any CPU.ActiveCfg = Debug|Any CPU
		{870F74F2-9CF4-4EA6-A3CB-9CC3BFA4FF19}.Debug|Any CPU.Build.0 = Debug|Any CPU
		{870F74F2-9CF4-4EA6-A3CB-9CC3BFA4FF19}.Release|Any CPU.ActiveCfg = Release|Any CPU
		{870F74F2-9CF4-4EA6-A3CB-9CC3BFA4FF19}.Release|Any CPU.Build.0 = Release|Any CPU
		{5C8F9BC3-29D7-4598-9C76-2A7D9B52B40E}.Debug|Any CPU.ActiveCfg = Debug|Any CPU
		{5C8F9BC3-29D7-4598-9C76-2A7D9B52B40E}.Debug|Any CPU.Build.0 = Debug|Any CPU
		{5C8F9BC3-29D7-4598-9C76-2A7D9B52B40E}.Release|Any CPU.ActiveCfg = Release|Any CPU
		{5C8F9BC3-29D7-4598-9C76-2A7D9B52B40E}.Release|Any CPU.Build.0 = Release|Any CPU
	EndGlobalSection
	GlobalSection(SolutionProperties) = preSolution
		HideSolutionNode = FALSE
	EndGlobalSection
	GlobalSection(ExtensibilityGlobals) = postSolution
		SolutionGuid = {6D48546F-9A64-4546-9971-9469F92D31B2}
	EndGlobalSection
EndGlobal
